{
  "name": "wordle clone repo",
  "lockfileVersion": 2,
  "requires": true,
  "packages": {
    "": {
      "dependencies": {
        "simple-keyboard": "^3.5.47"
      }
    },
    "node_modules/simple-keyboard": {
      "version": "3.5.47",
      "resolved": "https://registry.npmjs.org/simple-keyboard/-/simple-keyboard-3.5.47.tgz",
      "integrity": "sha512-6NTKL9pY7n7NshYZH5MDyUzpyAimH+b0b/ifQ831KxA5hELSQ1Zs4xeiWRZx0Skakv9h2gHckvipEFi+NsfmuA=="
    }
  },
  "dependencies": {
    "simple-keyboard": {
      "version": "3.5.47",
      "resolved": "https://registry.npmjs.org/simple-keyboard/-/simple-keyboard-3.5.47.tgz",
      "integrity": "sha512-6NTKL9pY7n7NshYZH5MDyUzpyAimH+b0b/ifQ831KxA5hELSQ1Zs4xeiWRZx0Skakv9h2gHckvipEFi+NsfmuA=="
    }
  }
}
